
Microsoft Visual Studio Solution File, Format Version 12.00
# Visual Studio 15
VisualStudioVersion = 15.0.28307.168
MinimumVisualStudioVersion = 10.0.40219.1
Project("{FAE04EC0-301F-11D3-BF4B-00C04F79EFBC}") = "RegisterTest_Automationpractice", "RegisterTest_Automationpractice\RegisterTest_Automationpractice.csproj", "{E57FE0A9-A229-4B8F-BDCC-A33C81C23A1E}"
EndProject
Global
	GlobalSection(SolutionConfigurationPlatforms) = preSolution
		Debug|Any CPU = Debug|Any CPU
		Release|Any CPU = Release|Any CPU
	EndGlobalSection
	GlobalSection(ProjectConfigurationPlatforms) = postSolution
		{E57FE0A9-A229-4B8F-BDCC-A33C81C23A1E}.Debug|Any CPU.ActiveCfg = Debug|Any CPU
		{E57FE0A9-A229-4B8F-BDCC-A33C81C23A1E}.Debug|Any CPU.Build.0 = Debug|Any CPU
		{E57FE0A9-A229-4B8F-BDCC-A33C81C23A1E}.Release|Any CPU.ActiveCfg = Release|Any CPU
		{E57FE0A9-A229-4B8F-BDCC-A33C81C23A1E}.Release|Any CPU.Build.0 = Release|Any CPU
	EndGlobalSection
	GlobalSection(SolutionProperties) = preSolution
		HideSolutionNode = FALSE
	EndGlobalSection
	GlobalSection(ExtensibilityGlobals) = postSolution
		SolutionGuid = {B981FA37-A0A0-480B-A18A-233E161FECD8}
	EndGlobalSection
EndGlobal
